
Microsoft Visual Studio Solution File, Format Version 12.00
# Visual Studio Version 16
VisualStudioVersion = 16.0.30711.63
MinimumVisualStudioVersion = 10.0.40219.1
Project("{FAE04EC0-301F-11D3-BF4B-00C04F79EFBC}") = "Microservice-LoadBalancer Trial", "Microservice-LoadBalancer Trial\Microservice-LoadBalancer Trial.csproj", "{1445D9A8-0FE2-4906-8F1D-FFD2D6169CC4}"
EndProject
Global
	GlobalSection(SolutionConfigurationPlatforms) = preSolution
		Debug|Any CPU = Debug|Any CPU
		Release|Any CPU = Release|Any CPU
	EndGlobalSection
	GlobalSection(ProjectConfigurationPlatforms) = postSolution
		{1445D9A8-0FE2-4906-8F1D-FFD2D6169CC4}.Debug|Any CPU.ActiveCfg = Debug|Any CPU
		{1445D9A8-0FE2-4906-8F1D-FFD2D6169CC4}.Debug|Any CPU.Build.0 = Debug|Any CPU
		{1445D9A8-0FE2-4906-8F1D-FFD2D6169CC4}.Release|Any CPU.ActiveCfg = Release|Any CPU
		{1445D9A8-0FE2-4906-8F1D-FFD2D6169CC4}.Release|Any CPU.Build.0 = Release|Any CPU
	EndGlobalSection
	GlobalSection(SolutionProperties) = preSolution
		HideSolutionNode = FALSE
	EndGlobalSection
	GlobalSection(ExtensibilityGlobals) = postSolution
		SolutionGuid = {4A6DB8DE-062F-41A7-A78D-9FC3C62564F2}
	EndGlobalSection
EndGlobal
